Microsoft Visual Studio Solution File, Format Version 12.00
# Visual Studio Version 17
VisualStudioVersion = 17.5.2.0
MinimumVisualStudioVersion = 10.0.40219.1
Project("{FAE04EC0-301F-11D3-BF4B-00C04F79EFBC}") = "placeholder", "placeholder.csproj", "{94E6CD39-D033-87F3-0485-47672ABEC01D}"
EndProject
Global
	GlobalSection(SolutionConfigurationPlatforms) = preSolution
		Debug|Any CPU = Debug|Any CPU
		Release|Any CPU = Release|Any CPU
	EndGlobalSection
	GlobalSection(ProjectConfigurationPlatforms) = postSolution
		{94E6CD39-D033-87F3-0485-47672ABEC01D}.Debug|Any CPU.ActiveCfg = Debug|Any CPU
		{94E6CD39-D033-87F3-0485-47672ABEC01D}.Debug|Any CPU.Build.0 = Debug|Any CPU
		{94E6CD39-D033-87F3-0485-47672ABEC01D}.Release|Any CPU.ActiveCfg = Release|Any CPU
		{94E6CD39-D033-87F3-0485-47672ABEC01D}.Release|Any CPU.Build.0 = Release|Any CPU
	EndGlobalSection
	GlobalSection(SolutionProperties) = preSolution
		HideSolutionNode = FALSE
	EndGlobalSection
	GlobalSection(ExtensibilityGlobals) = postSolution
		SolutionGuid = {99DD4346-5B00-46B6-BF69-9C01E5668955}
	EndGlobalSection
EndGlobal
